
Microsoft Visual Studio Solution File, Format Version 12.00
# Visual Studio Version 17
VisualStudioVersion = 17.8.34511.84
MinimumVisualStudioVersion = 10.0.40219.1
Project("{9A19103F-16F7-4668-BE54-9A1E7A4F7556}") = "Library.API", "Library.API\Library.API.csproj", "{957FAC78-3DDF-42DE-9847-02F3B82715E1}"
EndProject
Project("{FAE04EC0-301F-11D3-BF4B-00C04F79EFBC}") = "Library.API.Test", "Library.API.Test\Library.API.Test.csproj", "{C6F8B6C5-7892-463C-A3A0-92DB6AF00425}"
EndProject
Global
	GlobalSection(SolutionConfigurationPlatforms) = preSolution
		Debug|Any CPU = Debug|Any CPU
		Release|Any CPU = Release|Any CPU
	EndGlobalSection
	GlobalSection(ProjectConfigurationPlatforms) = postSolution
		{957FAC78-3DDF-42DE-9847-02F3B82715E1}.Debug|Any CPU.ActiveCfg = Debug|Any CPU
		{957FAC78-3DDF-42DE-9847-02F3B82715E1}.Debug|Any CPU.Build.0 = Debug|Any CPU
		{957FAC78-3DDF-42DE-9847-02F3B82715E1}.Release|Any CPU.ActiveCfg = Release|Any CPU
		{957FAC78-3DDF-42DE-9847-02F3B82715E1}.Release|Any CPU.Build.0 = Release|Any CPU
		{C6F8B6C5-7892-463C-A3A0-92DB6AF00425}.Debug|Any CPU.ActiveCfg = Debug|Any CPU
		{C6F8B6C5-7892-463C-A3A0-92DB6AF00425}.Debug|Any CPU.Build.0 = Debug|Any CPU
		{C6F8B6C5-7892-463C-A3A0-92DB6AF00425}.Release|Any CPU.ActiveCfg = Release|Any CPU
		{C6F8B6C5-7892-463C-A3A0-92DB6AF00425}.Release|Any CPU.Build.0 = Release|Any CPU
	EndGlobalSection
	GlobalSection(SolutionProperties) = preSolution
		HideSolutionNode = FALSE
	EndGlobalSection
	GlobalSection(ExtensibilityGlobals) = postSolution
		SolutionGuid = {0A5F7370-73BD-4948-905E-B79FA3159DE3}
	EndGlobalSection
EndGlobal
